
Microsoft Visual Studio Solution File, Format Version 12.00
# Visual Studio 15
VisualStudioVersion = 15.0.26730.16
MinimumVisualStudioVersion = 10.0.40219.1
Project("{FAE04EC0-301F-11D3-BF4B-00C04F79EFBC}") = "Optical Flow", "Optical Flow\Optical Flow.csproj", "{D231B05B-818C-4F66-A926-006EACCE4321}"
EndProject
Global
	GlobalSection(SolutionConfigurationPlatforms) = preSolution
		Debug|Any CPU = Debug|Any CPU
		Debug|x64 = Debug|x64
		Release|Any CPU = Release|Any CPU
		Release|x64 = Release|x64
	EndGlobalSection
	GlobalSection(ProjectConfigurationPlatforms) = postSolution
		{D231B05B-818C-4F66-A926-006EACCE4321}.Debug|Any CPU.ActiveCfg = Debug|Any CPU
		{D231B05B-818C-4F66-A926-006EACCE4321}.Debug|Any CPU.Build.0 = Debug|Any CPU
		{D231B05B-818C-4F66-A926-006EACCE4321}.Debug|x64.ActiveCfg = Debug|x64
		{D231B05B-818C-4F66-A926-006EACCE4321}.Debug|x64.Build.0 = Debug|x64
		{D231B05B-818C-4F66-A926-006EACCE4321}.Release|Any CPU.ActiveCfg = Debug|Any CPU
		{D231B05B-818C-4F66-A926-006EACCE4321}.Release|Any CPU.Build.0 = Debug|Any CPU
		{D231B05B-818C-4F66-A926-006EACCE4321}.Release|x64.ActiveCfg = Release|Any CPU
		{D231B05B-818C-4F66-A926-006EACCE4321}.Release|x64.Build.0 = Release|Any CPU
	EndGlobalSection
	GlobalSection(SolutionProperties) = preSolution
		HideSolutionNode = FALSE
	EndGlobalSection
	GlobalSection(ExtensibilityGlobals) = postSolution
		SolutionGuid = {73FEB1C4-A164-4E9E-BF80-4E55F39F90DB}
	EndGlobalSection
EndGlobal
